
Microsoft Visual Studio Solution File, Format Version 12.00
# Visual Studio Version 17
VisualStudioVersion = 17.6.33815.320
MinimumVisualStudioVersion = 10.0.40219.1
Project("{FAE04EC0-301F-11D3-BF4B-00C04F79EFBC}") = "Zoo management system", "Zoo management system\Zoo management system.csproj", "{91F61134-8A31-465E-9536-55A204B9BE7D}"
EndProject
Global
	GlobalSection(SolutionConfigurationPlatforms) = preSolution
		Debug|Any CPU = Debug|Any CPU
		Release|Any CPU = Release|Any CPU
	EndGlobalSection
	GlobalSection(ProjectConfigurationPlatforms) = postSolution
		{91F61134-8A31-465E-9536-55A204B9BE7D}.Debug|Any CPU.ActiveCfg = Debug|Any CPU
		{91F61134-8A31-465E-9536-55A204B9BE7D}.Debug|Any CPU.Build.0 = Debug|Any CPU
		{91F61134-8A31-465E-9536-55A204B9BE7D}.Release|Any CPU.ActiveCfg = Release|Any CPU
		{91F61134-8A31-465E-9536-55A204B9BE7D}.Release|Any CPU.Build.0 = Release|Any CPU
	EndGlobalSection
	GlobalSection(SolutionProperties) = preSolution
		HideSolutionNode = FALSE
	EndGlobalSection
	GlobalSection(ExtensibilityGlobals) = postSolution
		SolutionGuid = {38ED9104-F4F1-433F-BF25-835A3F02950E}
	EndGlobalSection
EndGlobal
